# This file was autogenerated by Stack.
# You should not edit this file by hand.
# For more information, please see the documentation at:
#   https://docs.haskellstack.org/en/stable/lock_files

packages: []
snapshots:
- completed:
    size: 477128
    url: https://raw.githubusercontent.com/commercialhaskell/stackage-snapshots/master/nightly/2020/2/8.yaml
    sha256: 8352f72529b606711c4df7d378ee80478f1c04e9aed4bc2b37d972062b288a93
  original: nightly-2020-02-08
